
Microsoft Visual Studio Solution File, Format Version 12.00
# Visual Studio Version 17
VisualStudioVersion = 17.4.33205.214
MinimumVisualStudioVersion = 10.0.40219.1
Project("{FAE04EC0-301F-11D3-BF4B-00C04F79EFBC}") = "qrkodyapma", "qrkodyapma\qrkodyapma.csproj", "{4D3B9108-82ED-4B92-8D1E-06F9E3D191AD}"
EndProject
Global
	GlobalSection(SolutionConfigurationPlatforms) = preSolution
		Debug|Any CPU = Debug|Any CPU
		Release|Any CPU = Release|Any CPU
	EndGlobalSection
	GlobalSection(ProjectConfigurationPlatforms) = postSolution
		{4D3B9108-82ED-4B92-8D1E-06F9E3D191AD}.Debug|Any CPU.ActiveCfg = Debug|Any CPU
		{4D3B9108-82ED-4B92-8D1E-06F9E3D191AD}.Debug|Any CPU.Build.0 = Debug|Any CPU
		{4D3B9108-82ED-4B92-8D1E-06F9E3D191AD}.Release|Any CPU.ActiveCfg = Release|Any CPU
		{4D3B9108-82ED-4B92-8D1E-06F9E3D191AD}.Release|Any CPU.Build.0 = Release|Any CPU
	EndGlobalSection
	GlobalSection(SolutionProperties) = preSolution
		HideSolutionNode = FALSE
	EndGlobalSection
	GlobalSection(ExtensibilityGlobals) = postSolution
		SolutionGuid = {279AAD6B-D570-404F-98DB-FAE527E996A9}
	EndGlobalSection
EndGlobal
